
Microsoft Visual Studio Solution File, Format Version 12.00
# Visual Studio Version 16
VisualStudioVersion = 16.0.31424.327
MinimumVisualStudioVersion = 10.0.40219.1
Project("{FAE04EC0-301F-11D3-BF4B-00C04F79EFBC}") = "Presentacion", "Presentacion\Presentacion.csproj", "{FF942AFC-C53B-432B-95EF-42DDD5BC9BC7}"
EndProject
Project("{FAE04EC0-301F-11D3-BF4B-00C04F79EFBC}") = "Entidad", "Entidad\Entidad.csproj", "{DD0CD888-66D2-4A48-B732-B4F3B3C90D49}"
EndProject
Project("{FAE04EC0-301F-11D3-BF4B-00C04F79EFBC}") = "Datos", "Datos\Datos.csproj", "{DBC3C988-5852-42B2-ABDC-D7B0E646D873}"
EndProject
Project("{FAE04EC0-301F-11D3-BF4B-00C04F79EFBC}") = "Logica", "Logica\Logica.csproj", "{1858F618-C0E1-4174-9821-6311A6189671}"
EndProject
Global
	GlobalSection(SolutionConfigurationPlatforms) = preSolution
		Debug|Any CPU = Debug|Any CPU
		Release|Any CPU = Release|Any CPU
	EndGlobalSection
	GlobalSection(ProjectConfigurationPlatforms) = postSolution
		{FF942AFC-C53B-432B-95EF-42DDD5BC9BC7}.Debug|Any CPU.ActiveCfg = Debug|Any CPU
		{FF942AFC-C53B-432B-95EF-42DDD5BC9BC7}.Debug|Any CPU.Build.0 = Debug|Any CPU
		{FF942AFC-C53B-432B-95EF-42DDD5BC9BC7}.Release|Any CPU.ActiveCfg = Release|Any CPU
		{FF942AFC-C53B-432B-95EF-42DDD5BC9BC7}.Release|Any CPU.Build.0 = Release|Any CPU
		{DD0CD888-66D2-4A48-B732-B4F3B3C90D49}.Debug|Any CPU.ActiveCfg = Debug|Any CPU
		{DD0CD888-66D2-4A48-B732-B4F3B3C90D49}.Debug|Any CPU.Build.0 = Debug|Any CPU
		{DD0CD888-66D2-4A48-B732-B4F3B3C90D49}.Release|Any CPU.ActiveCfg = Release|Any CPU
		{DD0CD888-66D2-4A48-B732-B4F3B3C90D49}.Release|Any CPU.Build.0 = Release|Any CPU
		{DBC3C988-5852-42B2-ABDC-D7B0E646D873}.Debug|Any CPU.ActiveCfg = Debug|Any CPU
		{DBC3C988-5852-42B2-ABDC-D7B0E646D873}.Debug|Any CPU.Build.0 = Debug|Any CPU
		{DBC3C988-5852-42B2-ABDC-D7B0E646D873}.Release|Any CPU.ActiveCfg = Release|Any CPU
		{DBC3C988-5852-42B2-ABDC-D7B0E646D873}.Release|Any CPU.Build.0 = Release|Any CPU
		{1858F618-C0E1-4174-9821-6311A6189671}.Debug|Any CPU.ActiveCfg = Debug|Any CPU
		{1858F618-C0E1-4174-9821-6311A6189671}.Debug|Any CPU.Build.0 = Debug|Any CPU
		{1858F618-C0E1-4174-9821-6311A6189671}.Release|Any CPU.ActiveCfg = Release|Any CPU
		{1858F618-C0E1-4174-9821-6311A6189671}.Release|Any CPU.Build.0 = Release|Any CPU
	EndGlobalSection
	GlobalSection(SolutionProperties) = preSolution
		HideSolutionNode = FALSE
	EndGlobalSection
	GlobalSection(ExtensibilityGlobals) = postSolution
		SolutionGuid = {303D1DC9-2D11-4B7C-ABD2-C708EF96892E}
	EndGlobalSection
EndGlobal
